
Microsoft Visual Studio Solution File, Format Version 12.00
# Visual Studio Version 16
VisualStudioVersion = 16.0.31321.278
MinimumVisualStudioVersion = 10.0.40219.1
Project("{FAE04EC0-301F-11D3-BF4B-00C04F79EFBC}") = "WpfApp5", "WpfApp5\WpfApp5.csproj", "{95381A9D-F50B-45C3-B5E3-440B132A89F3}"
EndProject
Global
	GlobalSection(SolutionConfigurationPlatforms) = preSolution
		Debug|Any CPU = Debug|Any CPU
		Release|Any CPU = Release|Any CPU
	EndGlobalSection
	GlobalSection(ProjectConfigurationPlatforms) = postSolution
		{95381A9D-F50B-45C3-B5E3-440B132A89F3}.Debug|Any CPU.ActiveCfg = Debug|Any CPU
		{95381A9D-F50B-45C3-B5E3-440B132A89F3}.Debug|Any CPU.Build.0 = Debug|Any CPU
		{95381A9D-F50B-45C3-B5E3-440B132A89F3}.Release|Any CPU.ActiveCfg = Release|Any CPU
		{95381A9D-F50B-45C3-B5E3-440B132A89F3}.Release|Any CPU.Build.0 = Release|Any CPU
	EndGlobalSection
	GlobalSection(SolutionProperties) = preSolution
		HideSolutionNode = FALSE
	EndGlobalSection
	GlobalSection(ExtensibilityGlobals) = postSolution
		SolutionGuid = {C5D54B13-44EE-4938-A55B-F339D523DC8F}
	EndGlobalSection
EndGlobal
